{
  "markbot": "e831930e6d75b40c093aae8d770eadb09cc91d8f122fc611b41c6a76e98b9362",
  "markbotignore": "030a4e6e1b3b6b510514a7ae54576e2c2ef762d56236c6414ef634955d96a126",
  "index.html": "2d3ed58c6a08eb5b7d7e4bb0a28eeb9a9899cc72d1104b12068ef852bf1d2ec6",
  "index-608.png": "d99f0a9ccd73fa7d56453dec458fb27f016bbd839adeee2ab0cfd1de1da1907f"
}